{
  "name": "assignment_1",
  "lockfileVersion": 2,
  "requires": true,
  "packages": {
    "": {
      "dependencies": {
        "@openzeppelin/contracts": "^4.5.0",
        "circomlib": "^2.0.3"
      }
    },
    "node_modules/@openzeppelin/contracts": {
      "version": "4.5.0",
      "resolved": "https://registry.npmjs.org/@openzeppelin/contracts/-/contracts-4.5.0.tgz",
      "integrity": "sha512-fdkzKPYMjrRiPK6K4y64e6GzULR7R7RwxSigHS8DDp7aWDeoReqsQI+cxHV1UuhAqX69L1lAaWDxenfP+xiqzA=="
    },
    "node_modules/circomlib": {
      "version": "2.0.3",
      "resolved": "https://registry.npmjs.org/circomlib/-/circomlib-2.0.3.tgz",
      "integrity": "sha512-OeG1YBcqS8mnsOI1WAZePbyAVBMf398sSQfXetpPAb2HC0+1r9Q6kN/qQaHkJZ77BZmXn5dUqQTa5g6d5BDS3Q=="
    }
  },
  "dependencies": {
    "@openzeppelin/contracts": {
      "version": "4.5.0",
      "resolved": "https://registry.npmjs.org/@openzeppelin/contracts/-/contracts-4.5.0.tgz",
      "integrity": "sha512-fdkzKPYMjrRiPK6K4y64e6GzULR7R7RwxSigHS8DDp7aWDeoReqsQI+cxHV1UuhAqX69L1lAaWDxenfP+xiqzA=="
    },
    "circomlib": {
      "version": "2.0.3",
      "resolved": "https://registry.npmjs.org/circomlib/-/circomlib-2.0.3.tgz",
      "integrity": "sha512-OeG1YBcqS8mnsOI1WAZePbyAVBMf398sSQfXetpPAb2HC0+1r9Q6kN/qQaHkJZ77BZmXn5dUqQTa5g6d5BDS3Q=="
    }
  }
}
